
Microsoft Visual Studio Solution File, Format Version 12.00
# Visual Studio Version 17
VisualStudioVersion = 17.1.32228.430
MinimumVisualStudioVersion = 10.0.40219.1
Project("{2150E333-8FDC-42A3-9474-1A3956D46DE8}") = "Solution Items", "Solution Items", "{519D12CF-D170-43ED-9BEB-0C58991F68E7}"
	ProjectSection(SolutionItems) = preProject
		README.md = README.md
	EndProjectSection
EndProject
Project("{9A19103F-16F7-4668-BE54-9A1E7A4F7556}") = "GravatarTagHelper", "GravatarTagHelper\GravatarTagHelper.csproj", "{A91B0B79-0F30-4459-8E4B-38FB499E1F7B}"
EndProject
Project("{2150E333-8FDC-42A3-9474-1A3956D46DE8}") = "GitHub Workflows", "GitHub Workflows", "{CADFD439-6866-4EEA-AC97-F9E76A5A75F8}"
	ProjectSection(SolutionItems) = preProject
		.github\workflows\ci.yml = .github\workflows\ci.yml
		.github\workflows\release.yml = .github\workflows\release.yml
	EndProjectSection
EndProject
Global
	GlobalSection(SolutionConfigurationPlatforms) = preSolution
		Debug|Any CPU = Debug|Any CPU
		Release|Any CPU = Release|Any CPU
	EndGlobalSection
	GlobalSection(ProjectConfigurationPlatforms) = postSolution
		{A91B0B79-0F30-4459-8E4B-38FB499E1F7B}.Debug|Any CPU.ActiveCfg = Debug|Any CPU
		{A91B0B79-0F30-4459-8E4B-38FB499E1F7B}.Debug|Any CPU.Build.0 = Debug|Any CPU
		{A91B0B79-0F30-4459-8E4B-38FB499E1F7B}.Release|Any CPU.ActiveCfg = Release|Any CPU
		{A91B0B79-0F30-4459-8E4B-38FB499E1F7B}.Release|Any CPU.Build.0 = Release|Any CPU
	EndGlobalSection
	GlobalSection(SolutionProperties) = preSolution
		HideSolutionNode = FALSE
	EndGlobalSection
	GlobalSection(ExtensibilityGlobals) = postSolution
		SolutionGuid = {941A8AB3-9E98-48F4-9932-610D03AED520}
	EndGlobalSection
EndGlobal
